
Microsoft Visual Studio Solution File, Format Version 12.00
# Visual Studio Version 17
VisualStudioVersion = 17.11.34909.67
MinimumVisualStudioVersion = 10.0.40219.1
Project("{9A19103F-16F7-4668-BE54-9A1E7A4F7556}") = "Product.Application", "Product.Application\Product.Application.csproj", "{2C4C0440-D3BC-4E9C-8764-63145D930DC4}"
EndProject
Project("{FAE04EC0-301F-11D3-BF4B-00C04F79EFBC}") = "Shared", "Shared\Shared.csproj", "{4DB63D6F-92C5-4533-885F-B0D4C0DB2CCC}"
EndProject
Project("{FAE04EC0-301F-11D3-BF4B-00C04F79EFBC}") = "Product.Event.Handler.Service", "Product.Event.Handler.Service\Product.Event.Handler.Service.csproj", "{9E351526-A166-45BC-AA18-0CD13854C73B}"
EndProject
Global
	GlobalSection(SolutionConfigurationPlatforms) = preSolution
		Debug|Any CPU = Debug|Any CPU
		Release|Any CPU = Release|Any CPU
	EndGlobalSection
	GlobalSection(ProjectConfigurationPlatforms) = postSolution
		{2C4C0440-D3BC-4E9C-8764-63145D930DC4}.Debug|Any CPU.ActiveCfg = Debug|Any CPU
		{2C4C0440-D3BC-4E9C-8764-63145D930DC4}.Debug|Any CPU.Build.0 = Debug|Any CPU
		{2C4C0440-D3BC-4E9C-8764-63145D930DC4}.Release|Any CPU.ActiveCfg = Release|Any CPU
		{2C4C0440-D3BC-4E9C-8764-63145D930DC4}.Release|Any CPU.Build.0 = Release|Any CPU
		{4DB63D6F-92C5-4533-885F-B0D4C0DB2CCC}.Debug|Any CPU.ActiveCfg = Debug|Any CPU
		{4DB63D6F-92C5-4533-885F-B0D4C0DB2CCC}.Debug|Any CPU.Build.0 = Debug|Any CPU
		{4DB63D6F-92C5-4533-885F-B0D4C0DB2CCC}.Release|Any CPU.ActiveCfg = Release|Any CPU
		{4DB63D6F-92C5-4533-885F-B0D4C0DB2CCC}.Release|Any CPU.Build.0 = Release|Any CPU
		{9E351526-A166-45BC-AA18-0CD13854C73B}.Debug|Any CPU.ActiveCfg = Debug|Any CPU
		{9E351526-A166-45BC-AA18-0CD13854C73B}.Debug|Any CPU.Build.0 = Debug|Any CPU
		{9E351526-A166-45BC-AA18-0CD13854C73B}.Release|Any CPU.ActiveCfg = Release|Any CPU
		{9E351526-A166-45BC-AA18-0CD13854C73B}.Release|Any CPU.Build.0 = Release|Any CPU
	EndGlobalSection
	GlobalSection(SolutionProperties) = preSolution
		HideSolutionNode = FALSE
	EndGlobalSection
	GlobalSection(ExtensibilityGlobals) = postSolution
		SolutionGuid = {0C14F660-456F-4545-9DE7-1EBD990D66BE}
	EndGlobalSection
EndGlobal
